// !$*UTF8*$!
{
	archiveVersion = 1;
	classes = {
	};
	objectVersion = 50;
	objects = {

/* Begin PBXBuildFile section */
		1D35C9102694C30500ECECD3 /* AppDelegate.swift in Sources */ = {isa = PBXBuildFile; fileRef = 1D35C90F2694C30500ECECD3 /* AppDelegate.swift */; };
		1D35C9122694C30500ECECD3 /* SceneDelegate.swift in Sources */ = {isa = PBXBuildFile; fileRef = 1D35C9112694C30500ECECD3 /* SceneDelegate.swift */; };
		1D35C9142694C30500ECECD3 /* ViewController.swift in Sources */ = {isa = PBXBuildFile; fileRef = 1D35C9132694C30500ECECD3 /* ViewController.swift */; };
		1D35C9172694C30500ECECD3 /* Main.storyboard in Resources */ = {isa = PBXBuildFile; fileRef = 1D35C9152694C30500ECECD3 /* Main.storyboard */; };
		1D35C9192694C30700ECECD3 /* Assets.xcassets in Resources */ = {isa = PBXBuildFile; fileRef = 1D35C9182694C30700ECECD3 /* Assets.xcassets */; };
		1D35C91C2694C30700ECECD3 /* LaunchScreen.storyboard in Resources */ = {isa = PBXBuildFile; fileRef = 1D35C91A2694C30700ECECD3 /* LaunchScreen.storyboard */; };
		1D35C9242694CA3700ECECD3 /* SqueezeNet.mlmodel in Sources */ = {isa = PBXBuildFile; fileRef = 1D35C9232694CA3700ECECD3 /* SqueezeNet.mlmodel */; };
		1D35C9262694CCB500ECECD3 /* Resnet50.mlmodel in Sources */ = {isa = PBXBuildFile; fileRef = 1D35C9252694CCB500ECECD3 /* Resnet50.mlmodel */; };
		1D35C92E2695002600ECECD3 /* StartViewController.swift in Sources */ = {isa = PBXBuildFile; fileRef = 1D35C92D2695002500ECECD3 /* StartViewController.swift */; };
		1D857EDA2698591800DF945D /* VNRecognizedObjectObservationExtension.swift in Sources */ = {isa = PBXBuildFile; fileRef = 1D857ED92698591800DF945D /* VNRecognizedObjectObservationExtension.swift */; };
		1D857EDC2698597400DF945D /* VideoCapture.swift in Sources */ = {isa = PBXBuildFile; fileRef = 1D857EDB2698597400DF945D /* VideoCapture.swift */; };
		1D857EDE269859A400DF945D /* BoundingBoxView.swift in Sources */ = {isa = PBXBuildFile; fileRef = 1D857EDD269859A400DF945D /* BoundingBoxView.swift */; };
		1D8C786B2697582D00A2CB5C /* YOLOv3Tiny.mlmodel in Sources */ = {isa = PBXBuildFile; fileRef = 1D8C786A2697582D00A2CB5C /* YOLOv3Tiny.mlmodel */; };
		1D8C788526976C5300A2CB5C /* ThreeCamViewController.swift in Sources */ = {isa = PBXBuildFile; fileRef = 1D8C788426976C5300A2CB5C /* ThreeCamViewController.swift */; };
		1D8C789A269783D400A2CB5C /* ImageHelper.swift in Sources */ = {isa = PBXBuildFile; fileRef = 1D8C7899269783D400A2CB5C /* ImageHelper.swift */; };
/* End PBXBuildFile section */

/* Begin PBXFileReference section */
		1D35C90C2694C30500ECECD3 /* CameraPro.app */ = {isa = PBXFileReference; explicitFileType = wrapper.application; includeInIndex = 0; path = CameraPro.app; sourceTree = BUILT_PRODUCTS_DIR; };
		1D35C90F2694C30500ECECD3 /* AppDelegate.swift */ = {isa = PBXFileReference; lastKnownFileType = sourcecode.swift; path = AppDelegate.swift; sourceTree = "<group>"; };
		1D35C9112694C30500ECECD3 /* SceneDelegate.swift */ = {isa = PBXFileReference; lastKnownFileType = sourcecode.swift; path = SceneDelegate.swift; sourceTree = "<group>"; };
		1D35C9132694C30500ECECD3 /* ViewController.swift */ = {isa = PBXFileReference; lastKnownFileType = sourcecode.swift; path = ViewController.swift; sourceTree = "<group>"; };
		1D35C9162694C30500ECECD3 /* Base */ = {isa = PBXFileReference; lastKnownFileType = file.storyboard; name = Base; path = Base.lproj/Main.storyboard; sourceTree = "<group>"; };
		1D35C9182694C30700ECECD3 /* Assets.xcassets */ = {isa = PBXFileReference; lastKnownFileType = folder.assetcatalog; path = Assets.xcassets; sourceTree = "<group>"; };
		1D35C91B2694C30700ECECD3 /* Base */ = {isa = PBXFileReference; lastKnownFileType = file.storyboard; name = Base; path = Base.lproj/LaunchScreen.storyboard; sourceTree = "<group>"; };
		1D35C91D2694C30700ECECD3 /* Info.plist */ = {isa = PBXFileReference; lastKnownFileType = text.plist.xml; path = Info.plist; sourceTree = "<group>"; };
		1D35C9232694CA3700ECECD3 /* SqueezeNet.mlmodel */ = {isa = PBXFileReference; lastKnownFileType = file.mlmodel; path = SqueezeNet.mlmodel; sourceTree = "<group>"; };
		1D35C9252694CCB500ECECD3 /* Resnet50.mlmodel */ = {isa = PBXFileReference; lastKnownFileType = file.mlmodel; path = Resnet50.mlmodel; sourceTree = "<group>"; };
		1D35C92D2695002500ECECD3 /* StartViewController.swift */ = {isa = PBXFileReference; lastKnownFileType = sourcecode.swift; path = StartViewController.swift; sourceTree = "<group>"; };
		1D857ED92698591800DF945D /* VNRecognizedObjectObservationExtension.swift */ = {isa = PBXFileReference; lastKnownFileType = sourcecode.swift; path = VNRecognizedObjectObservationExtension.swift; sourceTree = "<group>"; };
		1D857EDB2698597400DF945D /* VideoCapture.swift */ = {isa = PBXFileReference; lastKnownFileType = sourcecode.swift; path = VideoCapture.swift; sourceTree = "<group>"; };
		1D857EDD269859A400DF945D /* BoundingBoxView.swift */ = {isa = PBXFileReference; lastKnownFileType = sourcecode.swift; path = BoundingBoxView.swift; sourceTree = "<group>"; };
		1D8C786A2697582D00A2CB5C /* YOLOv3Tiny.mlmodel */ = {isa = PBXFileReference; lastKnownFileType = file.mlmodel; path = YOLOv3Tiny.mlmodel; sourceTree = "<group>"; };
		1D8C788426976C5300A2CB5C /* ThreeCamViewController.swift */ = {isa = PBXFileReference; lastKnownFileType = sourcecode.swift; path = ThreeCamViewController.swift; sourceTree = "<group>"; };
		1D8C7899269783D400A2CB5C /* ImageHelper.swift */ = {isa = PBXFileReference; fileEncoding = 4; lastKnownFileType = sourcecode.swift; path = ImageHelper.swift; sourceTree = "<group>"; };
/* End PBXFileReference section */

/* Begin PBXFrameworksBuildPhase section */
		1D35C9092694C30500ECECD3 /* Frameworks */ = {
			isa = PBXFrameworksBuildPhase;
			buildActionMask = 2147483647;
			files = (
			);
			runOnlyForDeploymentPostprocessing = 0;
		};
/* End PBXFrameworksBuildPhase section */

/* Begin PBXGroup section */
		1D35C9032694C30500ECECD3 = {
			isa = PBXGroup;
			children = (
				1D35C90E2694C30500ECECD3 /* CameraPro */,
				1D35C90D2694C30500ECECD3 /* Products */,
			);
			sourceTree = "<group>";
		};
		1D35C90D2694C30500ECECD3 /* Products */ = {
			isa = PBXGroup;
			children = (
				1D35C90C2694C30500ECECD3 /* CameraPro.app */,
			);
			name = Products;
			sourceTree = "<group>";
		};
		1D35C90E2694C30500ECECD3 /* CameraPro */ = {
			isa = PBXGroup;
			children = (
				1D35C90F2694C30500ECECD3 /* AppDelegate.swift */,
				1D35C9112694C30500ECECD3 /* SceneDelegate.swift */,
				1D8C789626977E2700A2CB5C /* StartVC - Image Scan */,
				1D8C78982697829500A2CB5C /* Camera SqueezeNet */,
				1D8C788626976C6100A2CB5C /* Camera YOLOv3Tiny */,
				1D35C9152694C30500ECECD3 /* Main.storyboard */,
				1D35C9182694C30700ECECD3 /* Assets.xcassets */,
				1D35C91A2694C30700ECECD3 /* LaunchScreen.storyboard */,
				1D35C91D2694C30700ECECD3 /* Info.plist */,
			);
			path = CameraPro;
			sourceTree = "<group>";
		};
		1D8C788626976C6100A2CB5C /* Camera YOLOv3Tiny */ = {
			isa = PBXGroup;
			children = (
				1D8C786A2697582D00A2CB5C /* YOLOv3Tiny.mlmodel */,
				1D857EDD269859A400DF945D /* BoundingBoxView.swift */,
				1D857EDB2698597400DF945D /* VideoCapture.swift */,
				1D8C788426976C5300A2CB5C /* ThreeCamViewController.swift */,
				1D857ED92698591800DF945D /* VNRecognizedObjectObservationExtension.swift */,
			);
			path = "Camera YOLOv3Tiny";
			sourceTree = "<group>";
		};
		1D8C789626977E2700A2CB5C /* StartVC - Image Scan */ = {
			isa = PBXGroup;
			children = (
				1D35C9252694CCB500ECECD3 /* Resnet50.mlmodel */,
				1D8C7899269783D400A2CB5C /* ImageHelper.swift */,
				1D35C92D2695002500ECECD3 /* StartViewController.swift */,
			);
			path = "StartVC - Image Scan";
			sourceTree = "<group>";
		};
		1D8C78982697829500A2CB5C /* Camera SqueezeNet */ = {
			isa = PBXGroup;
			children = (
				1D35C9232694CA3700ECECD3 /* SqueezeNet.mlmodel */,
				1D35C9132694C30500ECECD3 /* ViewController.swift */,
			);
			path = "Camera SqueezeNet";
			sourceTree = "<group>";
		};
/* End PBXGroup section */

/* Begin PBXNativeTarget section */
		1D35C90B2694C30500ECECD3 /* CameraPro */ = {
			isa = PBXNativeTarget;
			buildConfigurationList = 1D35C9202694C30700ECECD3 /* Build configuration list for PBXNativeTarget "CameraPro" */;
			buildPhases = (
				1D35C9082694C30500ECECD3 /* Sources */,
				1D35C9092694C30500ECECD3 /* Frameworks */,
				1D35C90A2694C30500ECECD3 /* Resources */,
			);
			buildRules = (
			);
			dependencies = (
			);
			name = CameraPro;
			productName = CameraPro;
			productReference = 1D35C90C2694C30500ECECD3 /* CameraPro.app */;
			productType = "com.apple.product-type.application";
		};
/* End PBXNativeTarget section */

/* Begin PBXProject section */
		1D35C9042694C30500ECECD3 /* Project object */ = {
			isa = PBXProject;
			attributes = {
				LastSwiftUpdateCheck = 1250;
				LastUpgradeCheck = 1250;
				TargetAttributes = {
					1D35C90B2694C30500ECECD3 = {
						CreatedOnToolsVersion = 12.5.1;
					};
				};
			};
			buildConfigurationList = 1D35C9072694C30500ECECD3 /* Build configuration list for PBXProject "CameraPro" */;
			compatibilityVersion = "Xcode 9.3";
			developmentRegion = en;
			hasScannedForEncodings = 0;
			knownRegions = (
				en,
				Base,
			);
			mainGroup = 1D35C9032694C30500ECECD3;
			productRefGroup = 1D35C90D2694C30500ECECD3 /* Products */;
			projectDirPath = "";
			projectRoot = "";
			targets = (
				1D35C90B2694C30500ECECD3 /* CameraPro */,
			);
		};
/* End PBXProject section */

/* Begin PBXResourcesBuildPhase section */
		1D35C90A2694C30500ECECD3 /* Resources */ = {
			isa = PBXResourcesBuildPhase;
			buildActionMask = 2147483647;
			files = (
				1D35C91C2694C30700ECECD3 /* LaunchScreen.storyboard in Resources */,
				1D35C9192694C30700ECECD3 /* Assets.xcassets in Resources */,
				1D35C9172694C30500ECECD3 /* Main.storyboard in Resources */,
			);
			runOnlyForDeploymentPostprocessing = 0;
		};
/* End PBXResourcesBuildPhase section */

/* Begin PBXSourcesBuildPhase section */
		1D35C9082694C30500ECECD3 /* Sources */ = {
			isa = PBXSourcesBuildPhase;
			buildActionMask = 2147483647;
			files = (
				1D35C9262694CCB500ECECD3 /* Resnet50.mlmodel in Sources */,
				1D35C9142694C30500ECECD3 /* ViewController.swift in Sources */,
				1D857EDE269859A400DF945D /* BoundingBoxView.swift in Sources */,
				1D35C9102694C30500ECECD3 /* AppDelegate.swift in Sources */,
				1D35C9122694C30500ECECD3 /* SceneDelegate.swift in Sources */,
				1D857EDC2698597400DF945D /* VideoCapture.swift in Sources */,
				1D857EDA2698591800DF945D /* VNRecognizedObjectObservationExtension.swift in Sources */,
				1D8C786B2697582D00A2CB5C /* YOLOv3Tiny.mlmodel in Sources */,
				1D8C788526976C5300A2CB5C /* ThreeCamViewController.swift in Sources */,
				1D35C9242694CA3700ECECD3 /* SqueezeNet.mlmodel in Sources */,
				1D35C92E2695002600ECECD3 /* StartViewController.swift in Sources */,
				1D8C789A269783D400A2CB5C /* ImageHelper.swift in Sources */,
			);
			runOnlyForDeploymentPostprocessing = 0;
		};
/* End PBXSourcesBuildPhase section */

/* Begin PBXVariantGroup section */
		1D35C9152694C30500ECECD3 /* Main.storyboard */ = {
			isa = PBXVariantGroup;
			children = (
				1D35C9162694C30500ECECD3 /* Base */,
			);
			name = Main.storyboard;
			sourceTree = "<group>";
		};
		1D35C91A2694C30700ECECD3 /* LaunchScreen.storyboard */ = {
			isa = PBXVariantGroup;
			children = (
				1D35C91B2694C30700ECECD3 /* Base */,
			);
			name = LaunchScreen.storyboard;
			sourceTree = "<group>";
		};
/* End PBXVariantGroup section */

/* Begin XCBuildConfiguration section */
		1D35C91E2694C30700ECECD3 /* Debug */ = {
			isa = XCBuildConfiguration;
			buildSettings = {
				ALWAYS_SEARCH_USER_PATHS = NO;
				CLANG_ANALYZER_NONNULL = YES;
				CLANG_ANALYZER_NUMBER_OBJECT_CONVERSION = YES_AGGRESSIVE;
				CLANG_CXX_LANGUAGE_STANDARD = "gnu++14";
				CLANG_CXX_LIBRARY = "libc++";
				CLANG_ENABLE_MODULES = YES;
				CLANG_ENABLE_OBJC_ARC = YES;
				CLANG_ENABLE_OBJC_WEAK = YES;
				CLANG_WARN_BLOCK_CAPTURE_AUTORELEASING = YES;
				CLANG_WARN_BOOL_CONVERSION = YES;
				CLANG_WARN_COMMA = YES;
				CLANG_WARN_CONSTANT_CONVERSION = YES;
				CLANG_WARN_DEPRECATED_OBJC_IMPLEMENTATIONS = YES;
				CLANG_WARN_DIRECT_OBJC_ISA_USAGE = YES_ERROR;
				CLANG_WARN_DOCUMENTATION_COMMENTS = YES;
				CLANG_WARN_EMPTY_BODY = YES;
				CLANG_WARN_ENUM_CONVERSION = YES;
				CLANG_WARN_INFINITE_RECURSION = YES;
				CLANG_WARN_INT_CONVERSION = YES;
				CLANG_WARN_NON_LITERAL_NULL_CONVERSION = YES;
				CLANG_WARN_OBJC_IMPLICIT_RETAIN_SELF = YES;
				CLANG_WARN_OBJC_LITERAL_CONVERSION = YES;
				CLANG_WARN_OBJC_ROOT_CLASS = YES_ERROR;
				CLANG_WARN_QUOTED_INCLUDE_IN_FRAMEWORK_HEADER = YES;
				CLANG_WARN_RANGE_LOOP_ANALYSIS = YES;
				CLANG_WARN_STRICT_PROTOTYPES = YES;
				CLANG_WARN_SUSPICIOUS_MOVE = YES;
				CLANG_WARN_UNGUARDED_AVAILABILITY = YES_AGGRESSIVE;
				CLANG_WARN_UNREACHABLE_CODE = YES;
				CLANG_WARN__DUPLICATE_METHOD_MATCH = YES;
				COPY_PHASE_STRIP = NO;
				DEBUG_INFORMATION_FORMAT = dwarf;
				ENABLE_STRICT_OBJC_MSGSEND = YES;
				ENABLE_TESTABILITY = YES;
				GCC_C_LANGUAGE_STANDARD = gnu11;
				GCC_DYNAMIC_NO_PIC = NO;
				GCC_NO_COMMON_BLOCKS = YES;
				GCC_OPTIMIZATION_LEVEL = 0;
				GCC_PREPROCESSOR_DEFINITIONS = (
					"DEBUG=1",
					"$(inherited)",
				);
				GCC_WARN_64_TO_32_BIT_CONVERSION = YES;
				GCC_WARN_ABOUT_RETURN_TYPE = YES_ERROR;
				GCC_WARN_UNDECLARED_SELECTOR = YES;
				GCC_WARN_UNINITIALIZED_AUTOS = YES_AGGRESSIVE;
				GCC_WARN_UNUSED_FUNCTION = YES;
				GCC_WARN_UNUSED_VARIABLE = YES;
				IPHONEOS_DEPLOYMENT_TARGET = 16.1;
				MTL_ENABLE_DEBUG_INFO = INCLUDE_SOURCE;
				MTL_FAST_MATH = YES;
				ONLY_ACTIVE_ARCH = YES;
				SDKROOT = iphoneos;
				SWIFT_ACTIVE_COMPILATION_CONDITIONS = DEBUG;
				SWIFT_OPTIMIZATION_LEVEL = "-Onone";
			};
			name = Debug;
		};
		1D35C91F2694C30700ECECD3 /* Release */ = {
			isa = XCBuildConfiguration;
			buildSettings = {
				ALWAYS_SEARCH_USER_PATHS = NO;
				CLANG_ANALYZER_NONNULL = YES;
				CLANG_ANALYZER_NUMBER_OBJECT_CONVERSION = YES_AGGRESSIVE;
				CLANG_CXX_LANGUAGE_STANDARD = "gnu++14";
				CLANG_CXX_LIBRARY = "libc++";
				CLANG_ENABLE_MODULES = YES;
				CLANG_ENABLE_OBJC_ARC = YES;
				CLANG_ENABLE_OBJC_WEAK = YES;
				CLANG_WARN_BLOCK_CAPTURE_AUTORELEASING = YES;
				CLANG_WARN_BOOL_CONVERSION = YES;
				CLANG_WARN_COMMA = YES;
				CLANG_WARN_CONSTANT_CONVERSION = YES;
				CLANG_WARN_DEPRECATED_OBJC_IMPLEMENTATIONS = YES;
				CLANG_WARN_DIRECT_OBJC_ISA_USAGE = YES_ERROR;
				CLANG_WARN_DOCUMENTATION_COMMENTS = YES;
				CLANG_WARN_EMPTY_BODY = YES;
				CLANG_WARN_ENUM_CONVERSION = YES;
				CLANG_WARN_INFINITE_RECURSION = YES;
				CLANG_WARN_INT_CONVERSION = YES;
				CLANG_WARN_NON_LITERAL_NULL_CONVERSION = YES;
				CLANG_WARN_OBJC_IMPLICIT_RETAIN_SELF = YES;
				CLANG_WARN_OBJC_LITERAL_CONVERSION = YES;
				CLANG_WARN_OBJC_ROOT_CLASS = YES_ERROR;
				CLANG_WARN_QUOTED_INCLUDE_IN_FRAMEWORK_HEADER = YES;
				CLANG_WARN_RANGE_LOOP_ANALYSIS = YES;
				CLANG_WARN_STRICT_PROTOTYPES = YES;
				CLANG_WARN_SUSPICIOUS_MOVE = YES;
				CLANG_WARN_UNGUARDED_AVAILABILITY = YES_AGGRESSIVE;
				CLANG_WARN_UNREACHABLE_CODE = YES;
				CLANG_WARN__DUPLICATE_METHOD_MATCH = YES;
				COPY_PHASE_STRIP = NO;
				DEBUG_INFORMATION_FORMAT = "dwarf-with-dsym";
				ENABLE_NS_ASSERTIONS = NO;
				ENABLE_STRICT_OBJC_MSGSEND = YES;
				GCC_C_LANGUAGE_STANDARD = gnu11;
				GCC_NO_COMMON_BLOCKS = YES;
				GCC_WARN_64_TO_32_BIT_CONVERSION = YES;
				GCC_WARN_ABOUT_RETURN_TYPE = YES_ERROR;
				GCC_WARN_UNDECLARED_SELECTOR = YES;
				GCC_WARN_UNINITIALIZED_AUTOS = YES_AGGRESSIVE;
				GCC_WARN_UNUSED_FUNCTION = YES;
				GCC_WARN_UNUSED_VARIABLE = YES;
				IPHONEOS_DEPLOYMENT_TARGET = 16.1;
				MTL_ENABLE_DEBUG_INFO = NO;
				MTL_FAST_MATH = YES;
				SDKROOT = iphoneos;
				SWIFT_COMPILATION_MODE = wholemodule;
				SWIFT_OPTIMIZATION_LEVEL = "-O";
				VALIDATE_PRODUCT = YES;
			};
			name = Release;
		};
		1D35C9212694C30700ECECD3 /* Debug */ = {
			isa = XCBuildConfiguration;
			buildSettings = {
				ASSETCATALOG_COMPILER_APPICON_NAME = AppIcon;
				ASSETCATALOG_COMPILER_GLOBAL_ACCENT_COLOR_NAME = AccentColor;
				CODE_SIGN_STYLE = Automatic;
				DEVELOPMENT_TEAM = 2564X3Y36N;
				INFOPLIST_FILE = CameraPro/Info.plist;
				IPHONEOS_DEPLOYMENT_TARGET = 16.1;
				LD_RUNPATH_SEARCH_PATHS = (
					"$(inherited)",
					"@executable_path/Frameworks",
				);
				PRODUCT_BUNDLE_IDENTIFIER = kolya18.CameraPro;
				PRODUCT_NAME = "$(TARGET_NAME)";
				SWIFT_VERSION = 5.0;
				TARGETED_DEVICE_FAMILY = 1;
			};
			name = Debug;
		};
		1D35C9222694C30700ECECD3 /* Release */ = {
			isa = XCBuildConfiguration;
			buildSettings = {
				ASSETCATALOG_COMPILER_APPICON_NAME = AppIcon;
				ASSETCATALOG_COMPILER_GLOBAL_ACCENT_COLOR_NAME = AccentColor;
				CODE_SIGN_STYLE = Automatic;
				DEVELOPMENT_TEAM = 2564X3Y36N;
				INFOPLIST_FILE = CameraPro/Info.plist;
				IPHONEOS_DEPLOYMENT_TARGET = 16.1;
				LD_RUNPATH_SEARCH_PATHS = (
					"$(inherited)",
					"@executable_path/Frameworks",
				);
				PRODUCT_BUNDLE_IDENTIFIER = kolya18.CameraPro;
				PRODUCT_NAME = "$(TARGET_NAME)";
				SWIFT_VERSION = 5.0;
				TARGETED_DEVICE_FAMILY = 1;
			};
			name = Release;
		};
/* End XCBuildConfiguration section */

/* Begin XCConfigurationList section */
		1D35C9072694C30500ECECD3 /* Build configuration list for PBXProject "CameraPro" */ = {
			isa = XCConfigurationList;
			buildConfigurations = (
				1D35C91E2694C30700ECECD3 /* Debug */,
				1D35C91F2694C30700ECECD3 /* Release */,
			);
			defaultConfigurationIsVisible = 0;
			defaultConfigurationName = Release;
		};
		1D35C9202694C30700ECECD3 /* Build configuration list for PBXNativeTarget "CameraPro" */ = {
			isa = XCConfigurationList;
			buildConfigurations = (
				1D35C9212694C30700ECECD3 /* Debug */,
				1D35C9222694C30700ECECD3 /* Release */,
			);
			defaultConfigurationIsVisible = 0;
			defaultConfigurationName = Release;
		};
/* End XCConfigurationList section */
	};
	rootObject = 1D35C9042694C30500ECECD3 /* Project object */;
}
